
Microsoft Visual Studio Solution File, Format Version 12.00
# Visual Studio Version 17
VisualStudioVersion = 17.12.35707.178
MinimumVisualStudioVersion = 10.0.40219.1
Project("{FAE04EC0-301F-11D3-BF4B-00C04F79EFBC}") = "MoveitFileObserverService", "src\FileObserverService\MoveitFileObserverService.csproj", "{C2A3ABC6-55D8-4CEA-85F2-A317AADBE3F8}"
EndProject
Project("{FAE04EC0-301F-11D3-BF4B-00C04F79EFBC}") = "AppHost", "src\MOVEitAspire\AppHost.csproj", "{34D8B48E-DB0A-4C68-9B3F-BF9AB47D5CE9}"
EndProject
Project("{FAE04EC0-301F-11D3-BF4B-00C04F79EFBC}") = "MoveitWpf", "src\DesktopUI\MoveitWpf.csproj", "{2164494E-0CF2-4413-9632-CAB59CB13C71}"
EndProject
Project("{FAE04EC0-301F-11D3-BF4B-00C04F79EFBC}") = "MoveitApiClient", "src\Movit.Client\MoveitApiClient.csproj", "{7D8E858B-D430-47C0-9282-93CC33826931}"
EndProject
Project("{FAE04EC0-301F-11D3-BF4B-00C04F79EFBC}") = "MoveitApi", "src\Movit.API\MoveitApi.csproj", "{EEC3D169-44D1-4019-ADBF-B29193125F7F}"
EndProject
Global
	GlobalSection(SolutionConfigurationPlatforms) = preSolution
		Debug|Any CPU = Debug|Any CPU
		Release|Any CPU = Release|Any CPU
	EndGlobalSection
	GlobalSection(ProjectConfigurationPlatforms) = postSolution
		{C2A3ABC6-55D8-4CEA-85F2-A317AADBE3F8}.Debug|Any CPU.ActiveCfg = Debug|Any CPU
		{C2A3ABC6-55D8-4CEA-85F2-A317AADBE3F8}.Debug|Any CPU.Build.0 = Debug|Any CPU
		{C2A3ABC6-55D8-4CEA-85F2-A317AADBE3F8}.Release|Any CPU.ActiveCfg = Release|Any CPU
		{C2A3ABC6-55D8-4CEA-85F2-A317AADBE3F8}.Release|Any CPU.Build.0 = Release|Any CPU
		{34D8B48E-DB0A-4C68-9B3F-BF9AB47D5CE9}.Debug|Any CPU.ActiveCfg = Debug|Any CPU
		{34D8B48E-DB0A-4C68-9B3F-BF9AB47D5CE9}.Debug|Any CPU.Build.0 = Debug|Any CPU
		{34D8B48E-DB0A-4C68-9B3F-BF9AB47D5CE9}.Release|Any CPU.ActiveCfg = Release|Any CPU
		{34D8B48E-DB0A-4C68-9B3F-BF9AB47D5CE9}.Release|Any CPU.Build.0 = Release|Any CPU
		{2164494E-0CF2-4413-9632-CAB59CB13C71}.Debug|Any CPU.ActiveCfg = Debug|Any CPU
		{2164494E-0CF2-4413-9632-CAB59CB13C71}.Debug|Any CPU.Build.0 = Debug|Any CPU
		{2164494E-0CF2-4413-9632-CAB59CB13C71}.Release|Any CPU.ActiveCfg = Release|Any CPU
		{2164494E-0CF2-4413-9632-CAB59CB13C71}.Release|Any CPU.Build.0 = Release|Any CPU
		{7D8E858B-D430-47C0-9282-93CC33826931}.Debug|Any CPU.ActiveCfg = Debug|Any CPU
		{7D8E858B-D430-47C0-9282-93CC33826931}.Debug|Any CPU.Build.0 = Debug|Any CPU
		{7D8E858B-D430-47C0-9282-93CC33826931}.Release|Any CPU.ActiveCfg = Release|Any CPU
		{7D8E858B-D430-47C0-9282-93CC33826931}.Release|Any CPU.Build.0 = Release|Any CPU
		{EEC3D169-44D1-4019-ADBF-B29193125F7F}.Debug|Any CPU.ActiveCfg = Debug|Any CPU
		{EEC3D169-44D1-4019-ADBF-B29193125F7F}.Debug|Any CPU.Build.0 = Debug|Any CPU
		{EEC3D169-44D1-4019-ADBF-B29193125F7F}.Release|Any CPU.ActiveCfg = Release|Any CPU
		{EEC3D169-44D1-4019-ADBF-B29193125F7F}.Release|Any CPU.Build.0 = Release|Any CPU
	EndGlobalSection
	GlobalSection(SolutionProperties) = preSolution
		HideSolutionNode = FALSE
	EndGlobalSection
EndGlobal
